
Microsoft Visual Studio Solution File, Format Version 12.00
# Visual Studio Version 17
VisualStudioVersion = 17.0.31912.275
MinimumVisualStudioVersion = 10.0.40219.1
Project("{FAE04EC0-301F-11D3-BF4B-00C04F79EFBC}") = "WE_Asgn_3", "WE_Asgn_3.csproj", "{2718A506-081C-46FE-8992-2562D768C9B6}"
EndProject
Global
	GlobalSection(SolutionConfigurationPlatforms) = preSolution
		Debug|Any CPU = Debug|Any CPU
		Release|Any CPU = Release|Any CPU
	EndGlobalSection
	GlobalSection(ProjectConfigurationPlatforms) = postSolution
		{2718A506-081C-46FE-8992-2562D768C9B6}.Debug|Any CPU.ActiveCfg = Debug|Any CPU
		{2718A506-081C-46FE-8992-2562D768C9B6}.Debug|Any CPU.Build.0 = Debug|Any CPU
		{2718A506-081C-46FE-8992-2562D768C9B6}.Release|Any CPU.ActiveCfg = Release|Any CPU
		{2718A506-081C-46FE-8992-2562D768C9B6}.Release|Any CPU.Build.0 = Release|Any CPU
	EndGlobalSection
	GlobalSection(SolutionProperties) = preSolution
		HideSolutionNode = FALSE
	EndGlobalSection
	GlobalSection(ExtensibilityGlobals) = postSolution
		SolutionGuid = {1C441FD5-E1CC-4C78-B22C-E1B38B16787B}
	EndGlobalSection
EndGlobal
